
Microsoft Visual Studio Solution File, Format Version 12.00
# Visual Studio Version 17
VisualStudioVersion = 17.5.002.0
MinimumVisualStudioVersion = 10.0.40219.1
Project("{9A19103F-16F7-4668-BE54-9A1E7A4F7556}") = "WebAppB2c", "WebAppB2c.csproj", "{65B70936-9AF2-4117-A93D-5EFDD2CBDD95}"
EndProject
Global
	GlobalSection(SolutionConfigurationPlatforms) = preSolution
		Debug|Any CPU = Debug|Any CPU
		Release|Any CPU = Release|Any CPU
	EndGlobalSection
	GlobalSection(ProjectConfigurationPlatforms) = postSolution
		{65B70936-9AF2-4117-A93D-5EFDD2CBDD95}.Debug|Any CPU.ActiveCfg = Debug|Any CPU
		{65B70936-9AF2-4117-A93D-5EFDD2CBDD95}.Debug|Any CPU.Build.0 = Debug|Any CPU
		{65B70936-9AF2-4117-A93D-5EFDD2CBDD95}.Release|Any CPU.ActiveCfg = Release|Any CPU
		{65B70936-9AF2-4117-A93D-5EFDD2CBDD95}.Release|Any CPU.Build.0 = Release|Any CPU
	EndGlobalSection
	GlobalSection(SolutionProperties) = preSolution
		HideSolutionNode = FALSE
	EndGlobalSection
	GlobalSection(ExtensibilityGlobals) = postSolution
		SolutionGuid = {39793A9B-18A6-422A-A39C-E73453CE682E}
	EndGlobalSection
EndGlobal
